
Microsoft Visual Studio Solution File, Format Version 12.00
# Visual Studio Version 17
VisualStudioVersion = 17.5.33627.172
MinimumVisualStudioVersion = 10.0.40219.1
Project("{2150E333-8FDC-42A3-9474-1A3956D46DE8}") = "Apresentation", "Apresentation", "{EA8ADE43-43BC-40EC-A130-9CC2D2CAD732}"
EndProject
Project("{2150E333-8FDC-42A3-9474-1A3956D46DE8}") = "Domain", "Domain", "{F3051B81-2EB2-41B5-9265-41108352C076}"
EndProject
Project("{9A19103F-16F7-4668-BE54-9A1E7A4F7556}") = "Domain", "src\Domain\Domain.csproj", "{6FC175A8-9422-428D-8818-999C1F2EF712}"
EndProject
Project("{2150E333-8FDC-42A3-9474-1A3956D46DE8}") = "Infra", "Infra", "{D4C78CA8-7ED3-461A-AD45-575E8FE9ECD4}"
EndProject
Project("{9A19103F-16F7-4668-BE54-9A1E7A4F7556}") = "Infra", "src\Infra\Infra.csproj", "{F77882FE-CAFB-418B-963A-F0E09E2ABF4F}"
EndProject
Project("{2150E333-8FDC-42A3-9474-1A3956D46DE8}") = "API", "API", "{E157EBCA-B550-46E5-A137-FF1A13F60F00}"
EndProject
Project("{9A19103F-16F7-4668-BE54-9A1E7A4F7556}") = "WebAPI", "src\WebAPI\WebAPI.csproj", "{81C1D462-435F-4088-9F68-AFE247EC62DA}"
EndProject
Project("{9A19103F-16F7-4668-BE54-9A1E7A4F7556}") = "Cmd", "src\Cmd\Cmd.csproj", "{E165754D-D787-44FA-B85B-3D3EE536943A}"
EndProject
Global
	GlobalSection(SolutionConfigurationPlatforms) = preSolution
		Debug|Any CPU = Debug|Any CPU
		Release|Any CPU = Release|Any CPU
	EndGlobalSection
	GlobalSection(ProjectConfigurationPlatforms) = postSolution
		{6FC175A8-9422-428D-8818-999C1F2EF712}.Debug|Any CPU.ActiveCfg = Debug|Any CPU
		{6FC175A8-9422-428D-8818-999C1F2EF712}.Debug|Any CPU.Build.0 = Debug|Any CPU
		{6FC175A8-9422-428D-8818-999C1F2EF712}.Release|Any CPU.ActiveCfg = Release|Any CPU
		{6FC175A8-9422-428D-8818-999C1F2EF712}.Release|Any CPU.Build.0 = Release|Any CPU
		{F77882FE-CAFB-418B-963A-F0E09E2ABF4F}.Debug|Any CPU.ActiveCfg = Debug|Any CPU
		{F77882FE-CAFB-418B-963A-F0E09E2ABF4F}.Debug|Any CPU.Build.0 = Debug|Any CPU
		{F77882FE-CAFB-418B-963A-F0E09E2ABF4F}.Release|Any CPU.ActiveCfg = Release|Any CPU
		{F77882FE-CAFB-418B-963A-F0E09E2ABF4F}.Release|Any CPU.Build.0 = Release|Any CPU
		{81C1D462-435F-4088-9F68-AFE247EC62DA}.Debug|Any CPU.ActiveCfg = Debug|Any CPU
		{81C1D462-435F-4088-9F68-AFE247EC62DA}.Debug|Any CPU.Build.0 = Debug|Any CPU
		{81C1D462-435F-4088-9F68-AFE247EC62DA}.Release|Any CPU.ActiveCfg = Release|Any CPU
		{81C1D462-435F-4088-9F68-AFE247EC62DA}.Release|Any CPU.Build.0 = Release|Any CPU
		{E165754D-D787-44FA-B85B-3D3EE536943A}.Debug|Any CPU.ActiveCfg = Debug|Any CPU
		{E165754D-D787-44FA-B85B-3D3EE536943A}.Debug|Any CPU.Build.0 = Debug|Any CPU
		{E165754D-D787-44FA-B85B-3D3EE536943A}.Release|Any CPU.ActiveCfg = Release|Any CPU
		{E165754D-D787-44FA-B85B-3D3EE536943A}.Release|Any CPU.Build.0 = Release|Any CPU
	EndGlobalSection
	GlobalSection(SolutionProperties) = preSolution
		HideSolutionNode = FALSE
	EndGlobalSection
	GlobalSection(NestedProjects) = preSolution
		{6FC175A8-9422-428D-8818-999C1F2EF712} = {F3051B81-2EB2-41B5-9265-41108352C076}
		{F77882FE-CAFB-418B-963A-F0E09E2ABF4F} = {D4C78CA8-7ED3-461A-AD45-575E8FE9ECD4}
		{81C1D462-435F-4088-9F68-AFE247EC62DA} = {E157EBCA-B550-46E5-A137-FF1A13F60F00}
		{E165754D-D787-44FA-B85B-3D3EE536943A} = {EA8ADE43-43BC-40EC-A130-9CC2D2CAD732}
	EndGlobalSection
	GlobalSection(ExtensibilityGlobals) = postSolution
		SolutionGuid = {C2B2A8E3-E0F3-4CD7-A75E-3056862EEFD4}
	EndGlobalSection
EndGlobal
